
Microsoft Visual Studio Solution File, Format Version 11.00
# Visual Studio 2010
Project("{FAE04EC0-301F-11D3-BF4B-00C04F79EFBC}") = "LoadBalancer", "LoadBalancer\LoadBalancer.csproj", "{127EAAA7-FDEA-4D2D-970B-0B6D126BD8D6}"
EndProject
Project("{FAE04EC0-301F-11D3-BF4B-00C04F79EFBC}") = "LoadBalancer.Contracts", "Contracts\LoadBalancer.Contracts.csproj", "{FB336B2B-E085-49B1-8E66-4E9989630BF0}"
EndProject
Project("{FAE04EC0-301F-11D3-BF4B-00C04F79EFBC}") = "Executor", "Executor\Executor.csproj", "{0D34E015-9ACB-49E3-A5AD-263763C2A366}"
EndProject
Project("{FAE04EC0-301F-11D3-BF4B-00C04F79EFBC}") = "Client", "Client\Client.csproj", "{A7E47044-FE23-45A7-8BDF-7E096CF1A49F}"
EndProject
Global
	GlobalSection(SolutionConfigurationPlatforms) = preSolution
		Debug|Any CPU = Debug|Any CPU
		Debug|Mixed Platforms = Debug|Mixed Platforms
		Debug|x86 = Debug|x86
		Release|Any CPU = Release|Any CPU
		Release|Mixed Platforms = Release|Mixed Platforms
		Release|x86 = Release|x86
	EndGlobalSection
	GlobalSection(ProjectConfigurationPlatforms) = postSolution
		{127EAAA7-FDEA-4D2D-970B-0B6D126BD8D6}.Debug|Any CPU.ActiveCfg = Debug|x86
		{127EAAA7-FDEA-4D2D-970B-0B6D126BD8D6}.Debug|Mixed Platforms.ActiveCfg = Debug|x86
		{127EAAA7-FDEA-4D2D-970B-0B6D126BD8D6}.Debug|Mixed Platforms.Build.0 = Debug|x86
		{127EAAA7-FDEA-4D2D-970B-0B6D126BD8D6}.Debug|x86.ActiveCfg = Debug|x86
		{127EAAA7-FDEA-4D2D-970B-0B6D126BD8D6}.Debug|x86.Build.0 = Debug|x86
		{127EAAA7-FDEA-4D2D-970B-0B6D126BD8D6}.Release|Any CPU.ActiveCfg = Release|x86
		{127EAAA7-FDEA-4D2D-970B-0B6D126BD8D6}.Release|Mixed Platforms.ActiveCfg = Release|x86
		{127EAAA7-FDEA-4D2D-970B-0B6D126BD8D6}.Release|Mixed Platforms.Build.0 = Release|x86
		{127EAAA7-FDEA-4D2D-970B-0B6D126BD8D6}.Release|x86.ActiveCfg = Release|x86
		{127EAAA7-FDEA-4D2D-970B-0B6D126BD8D6}.Release|x86.Build.0 = Release|x86
		{FB336B2B-E085-49B1-8E66-4E9989630BF0}.Debug|Any CPU.ActiveCfg = Debug|Any CPU
		{FB336B2B-E085-49B1-8E66-4E9989630BF0}.Debug|Any CPU.Build.0 = Debug|Any CPU
		{FB336B2B-E085-49B1-8E66-4E9989630BF0}.Debug|Mixed Platforms.ActiveCfg = Debug|Any CPU
		{FB336B2B-E085-49B1-8E66-4E9989630BF0}.Debug|Mixed Platforms.Build.0 = Debug|Any CPU
		{FB336B2B-E085-49B1-8E66-4E9989630BF0}.Debug|x86.ActiveCfg = Debug|Any CPU
		{FB336B2B-E085-49B1-8E66-4E9989630BF0}.Release|Any CPU.ActiveCfg = Release|Any CPU
		{FB336B2B-E085-49B1-8E66-4E9989630BF0}.Release|Any CPU.Build.0 = Release|Any CPU
		{FB336B2B-E085-49B1-8E66-4E9989630BF0}.Release|Mixed Platforms.ActiveCfg = Release|Any CPU
		{FB336B2B-E085-49B1-8E66-4E9989630BF0}.Release|Mixed Platforms.Build.0 = Release|Any CPU
		{FB336B2B-E085-49B1-8E66-4E9989630BF0}.Release|x86.ActiveCfg = Release|Any CPU
		{0D34E015-9ACB-49E3-A5AD-263763C2A366}.Debug|Any CPU.ActiveCfg = Debug|x86
		{0D34E015-9ACB-49E3-A5AD-263763C2A366}.Debug|Mixed Platforms.ActiveCfg = Debug|x86
		{0D34E015-9ACB-49E3-A5AD-263763C2A366}.Debug|Mixed Platforms.Build.0 = Debug|x86
		{0D34E015-9ACB-49E3-A5AD-263763C2A366}.Debug|x86.ActiveCfg = Debug|x86
		{0D34E015-9ACB-49E3-A5AD-263763C2A366}.Debug|x86.Build.0 = Debug|x86
		{0D34E015-9ACB-49E3-A5AD-263763C2A366}.Release|Any CPU.ActiveCfg = Release|x86
		{0D34E015-9ACB-49E3-A5AD-263763C2A366}.Release|Mixed Platforms.ActiveCfg = Release|x86
		{0D34E015-9ACB-49E3-A5AD-263763C2A366}.Release|Mixed Platforms.Build.0 = Release|x86
		{0D34E015-9ACB-49E3-A5AD-263763C2A366}.Release|x86.ActiveCfg = Release|x86
		{0D34E015-9ACB-49E3-A5AD-263763C2A366}.Release|x86.Build.0 = Release|x86
		{A7E47044-FE23-45A7-8BDF-7E096CF1A49F}.Debug|Any CPU.ActiveCfg = Debug|x86
		{A7E47044-FE23-45A7-8BDF-7E096CF1A49F}.Debug|Mixed Platforms.ActiveCfg = Debug|x86
		{A7E47044-FE23-45A7-8BDF-7E096CF1A49F}.Debug|Mixed Platforms.Build.0 = Debug|x86
		{A7E47044-FE23-45A7-8BDF-7E096CF1A49F}.Debug|x86.ActiveCfg = Debug|x86
		{A7E47044-FE23-45A7-8BDF-7E096CF1A49F}.Debug|x86.Build.0 = Debug|x86
		{A7E47044-FE23-45A7-8BDF-7E096CF1A49F}.Release|Any CPU.ActiveCfg = Release|x86
		{A7E47044-FE23-45A7-8BDF-7E096CF1A49F}.Release|Mixed Platforms.ActiveCfg = Release|x86
		{A7E47044-FE23-45A7-8BDF-7E096CF1A49F}.Release|Mixed Platforms.Build.0 = Release|x86
		{A7E47044-FE23-45A7-8BDF-7E096CF1A49F}.Release|x86.ActiveCfg = Release|x86
		{A7E47044-FE23-45A7-8BDF-7E096CF1A49F}.Release|x86.Build.0 = Release|x86
	EndGlobalSection
	GlobalSection(SolutionProperties) = preSolution
		HideSolutionNode = FALSE
	EndGlobalSection
EndGlobal
